// !$*UTF8*$!
{
	archiveVersion = 1;
	classes = {
	};
	objectVersion = 50;
	objects = {

/* Begin PBXBuildFile section */
		AD95171A25A0BC0300658CDF /* ABMTEApp.swift in Sources */ = {isa = PBXBuildFile; fileRef = AD95171925A0BC0300658CDF /* ABMTEApp.swift */; };
		AD95171C25A0BC0300658CDF /* ContentView.swift in Sources */ = {isa = PBXBuildFile; fileRef = AD95171B25A0BC0300658CDF /* ContentView.swift */; };
		AD95171E25A0BC0A00658CDF /* Assets.xcassets in Resources */ = {isa = PBXBuildFile; fileRef = AD95171D25A0BC0A00658CDF /* Assets.xcassets */; };
		AD95172125A0BC0A00658CDF /* Preview Assets.xcassets in Resources */ = {isa = PBXBuildFile; fileRef = AD95172025A0BC0A00658CDF /* Preview Assets.xcassets */; };
		AD95172A25A0C14C00658CDF /* CircleImage.swift in Sources */ = {isa = PBXBuildFile; fileRef = AD95172925A0C14C00658CDF /* CircleImage.swift */; };
		AD95172D25A0C49100658CDF /* MapView.swift in Sources */ = {isa = PBXBuildFile; fileRef = AD95172C25A0C49100658CDF /* MapView.swift */; };
		AD95173025A0FEAB00658CDF /* landmarkData.json in Resources */ = {isa = PBXBuildFile; fileRef = AD95172F25A0FEAB00658CDF /* landmarkData.json */; };
		AD95173325A0FEC900658CDF /* Landmark.swift in Sources */ = {isa = PBXBuildFile; fileRef = AD95173225A0FEC900658CDF /* Landmark.swift */; };
		AD95173625A0FF4800658CDF /* ModelData.swift in Sources */ = {isa = PBXBuildFile; fileRef = AD95173525A0FF4800658CDF /* ModelData.swift */; };
		AD95174225A1020400658CDF /* LandmarkRow.swift in Sources */ = {isa = PBXBuildFile; fileRef = AD95174125A1020400658CDF /* LandmarkRow.swift */; };
		AD95174625A1037500658CDF /* LandmarkList.swift in Sources */ = {isa = PBXBuildFile; fileRef = AD95174525A1037500658CDF /* LandmarkList.swift */; };
		AD95174925A10CEF00658CDF /* LandmarkDetail.swift in Sources */ = {isa = PBXBuildFile; fileRef = AD95174825A10CEF00658CDF /* LandmarkDetail.swift */; };
/* End PBXBuildFile section */

/* Begin PBXFileReference section */
		AD95171625A0BC0300658CDF /* ABMTE.app */ = {isa = PBXFileReference; explicitFileType = wrapper.application; includeInIndex = 0; path = ABMTE.app; sourceTree = BUILT_PRODUCTS_DIR; };
		AD95171925A0BC0300658CDF /* ABMTEApp.swift */ = {isa = PBXFileReference; lastKnownFileType = sourcecode.swift; path = ABMTEApp.swift; sourceTree = "<group>"; };
		AD95171B25A0BC0300658CDF /* ContentView.swift */ = {isa = PBXFileReference; lastKnownFileType = sourcecode.swift; path = ContentView.swift; sourceTree = "<group>"; };
		AD95171D25A0BC0A00658CDF /* Assets.xcassets */ = {isa = PBXFileReference; lastKnownFileType = folder.assetcatalog; path = Assets.xcassets; sourceTree = "<group>"; };
		AD95172025A0BC0A00658CDF /* Preview Assets.xcassets */ = {isa = PBXFileReference; lastKnownFileType = folder.assetcatalog; path = "Preview Assets.xcassets"; sourceTree = "<group>"; };
		AD95172225A0BC0A00658CDF /* Info.plist */ = {isa = PBXFileReference; lastKnownFileType = text.plist.xml; path = Info.plist; sourceTree = "<group>"; };
		AD95172925A0C14C00658CDF /* CircleImage.swift */ = {isa = PBXFileReference; lastKnownFileType = sourcecode.swift; path = CircleImage.swift; sourceTree = "<group>"; };
		AD95172C25A0C49100658CDF /* MapView.swift */ = {isa = PBXFileReference; lastKnownFileType = sourcecode.swift; path = MapView.swift; sourceTree = "<group>"; };
		AD95172F25A0FEAB00658CDF /* landmarkData.json */ = {isa = PBXFileReference; fileEncoding = 4; lastKnownFileType = text.json; path = landmarkData.json; sourceTree = "<group>"; };
		AD95173225A0FEC900658CDF /* Landmark.swift */ = {isa = PBXFileReference; lastKnownFileType = sourcecode.swift; path = Landmark.swift; sourceTree = "<group>"; };
		AD95173525A0FF4800658CDF /* ModelData.swift */ = {isa = PBXFileReference; lastKnownFileType = sourcecode.swift; path = ModelData.swift; sourceTree = "<group>"; };
		AD95174125A1020400658CDF /* LandmarkRow.swift */ = {isa = PBXFileReference; lastKnownFileType = sourcecode.swift; path = LandmarkRow.swift; sourceTree = "<group>"; };
		AD95174525A1037500658CDF /* LandmarkList.swift */ = {isa = PBXFileReference; lastKnownFileType = sourcecode.swift; path = LandmarkList.swift; sourceTree = "<group>"; };
		AD95174825A10CEF00658CDF /* LandmarkDetail.swift */ = {isa = PBXFileReference; lastKnownFileType = sourcecode.swift; path = LandmarkDetail.swift; sourceTree = "<group>"; };
/* End PBXFileReference section */

/* Begin PBXFrameworksBuildPhase section */
		AD95171325A0BC0300658CDF /* Frameworks */ = {
			isa = PBXFrameworksBuildPhase;
			buildActionMask = 2147483647;
			files = (
			);
			runOnlyForDeploymentPostprocessing = 0;
		};
/* End PBXFrameworksBuildPhase section */

/* Begin PBXGroup section */
		AD95170D25A0BC0300658CDF = {
			isa = PBXGroup;
			children = (
				AD95171825A0BC0300658CDF /* ABMTE */,
				AD95171725A0BC0300658CDF /* Products */,
			);
			sourceTree = "<group>";
		};
		AD95171725A0BC0300658CDF /* Products */ = {
			isa = PBXGroup;
			children = (
				AD95171625A0BC0300658CDF /* ABMTE.app */,
			);
			name = Products;
			sourceTree = "<group>";
		};
		AD95171825A0BC0300658CDF /* ABMTE */ = {
			isa = PBXGroup;
			children = (
				AD95173E25A1015A00658CDF /* Views */,
				AD95173F25A1017000658CDF /* Model */,
				AD95174025A1018F00658CDF /* Resources */,
				AD95171925A0BC0300658CDF /* ABMTEApp.swift */,
				AD95171D25A0BC0A00658CDF /* Assets.xcassets */,
				AD95172225A0BC0A00658CDF /* Info.plist */,
				AD95171F25A0BC0A00658CDF /* Preview Content */,
			);
			path = ABMTE;
			sourceTree = "<group>";
		};
		AD95171F25A0BC0A00658CDF /* Preview Content */ = {
			isa = PBXGroup;
			children = (
				AD95172025A0BC0A00658CDF /* Preview Assets.xcassets */,
			);
			path = "Preview Content";
			sourceTree = "<group>";
		};
		AD95173E25A1015A00658CDF /* Views */ = {
			isa = PBXGroup;
			children = (
				AD95171B25A0BC0300658CDF /* ContentView.swift */,
				AD95172925A0C14C00658CDF /* CircleImage.swift */,
				AD95172C25A0C49100658CDF /* MapView.swift */,
				AD95174125A1020400658CDF /* LandmarkRow.swift */,
				AD95174525A1037500658CDF /* LandmarkList.swift */,
				AD95174825A10CEF00658CDF /* LandmarkDetail.swift */,
			);
			path = Views;
			sourceTree = "<group>";
		};
		AD95173F25A1017000658CDF /* Model */ = {
			isa = PBXGroup;
			children = (
				AD95173525A0FF4800658CDF /* ModelData.swift */,
				AD95173225A0FEC900658CDF /* Landmark.swift */,
			);
			path = Model;
			sourceTree = "<group>";
		};
		AD95174025A1018F00658CDF /* Resources */ = {
			isa = PBXGroup;
			children = (
				AD95172F25A0FEAB00658CDF /* landmarkData.json */,
			);
			path = Resources;
			sourceTree = "<group>";
		};
/* End PBXGroup section */

/* Begin PBXNativeTarget section */
		AD95171525A0BC0300658CDF /* ABMTE */ = {
			isa = PBXNativeTarget;
			buildConfigurationList = AD95172525A0BC0A00658CDF /* Build configuration list for PBXNativeTarget "ABMTE" */;
			buildPhases = (
				AD95171225A0BC0300658CDF /* Sources */,
				AD95171325A0BC0300658CDF /* Frameworks */,
				AD95171425A0BC0300658CDF /* Resources */,
			);
			buildRules = (
			);
			dependencies = (
			);
			name = ABMTE;
			productName = ABMTE;
			productReference = AD95171625A0BC0300658CDF /* ABMTE.app */;
			productType = "com.apple.product-type.application";
		};
/* End PBXNativeTarget section */

/* Begin PBXProject section */
		AD95170E25A0BC0300658CDF /* Project object */ = {
			isa = PBXProject;
			attributes = {
				LastSwiftUpdateCheck = 1210;
				LastUpgradeCheck = 1210;
				TargetAttributes = {
					AD95171525A0BC0300658CDF = {
						CreatedOnToolsVersion = 12.1;
					};
				};
			};
			buildConfigurationList = AD95171125A0BC0300658CDF /* Build configuration list for PBXProject "ABMTE" */;
			compatibilityVersion = "Xcode 9.3";
			developmentRegion = en;
			hasScannedForEncodings = 0;
			knownRegions = (
				en,
				Base,
			);
			mainGroup = AD95170D25A0BC0300658CDF;
			productRefGroup = AD95171725A0BC0300658CDF /* Products */;
			projectDirPath = "";
			projectRoot = "";
			targets = (
				AD95171525A0BC0300658CDF /* ABMTE */,
			);
		};
/* End PBXProject section */

/* Begin PBXResourcesBuildPhase section */
		AD95171425A0BC0300658CDF /* Resources */ = {
			isa = PBXResourcesBuildPhase;
			buildActionMask = 2147483647;
			files = (
				AD95172125A0BC0A00658CDF /* Preview Assets.xcassets in Resources */,
				AD95171E25A0BC0A00658CDF /* Assets.xcassets in Resources */,
				AD95173025A0FEAB00658CDF /* landmarkData.json in Resources */,
			);
			runOnlyForDeploymentPostprocessing = 0;
		};
/* End PBXResourcesBuildPhase section */

/* Begin PBXSourcesBuildPhase section */
		AD95171225A0BC0300658CDF /* Sources */ = {
			isa = PBXSourcesBuildPhase;
			buildActionMask = 2147483647;
			files = (
				AD95171C25A0BC0300658CDF /* ContentView.swift in Sources */,
				AD95172D25A0C49100658CDF /* MapView.swift in Sources */,
				AD95171A25A0BC0300658CDF /* ABMTEApp.swift in Sources */,
				AD95174625A1037500658CDF /* LandmarkList.swift in Sources */,
				AD95174925A10CEF00658CDF /* LandmarkDetail.swift in Sources */,
				AD95172A25A0C14C00658CDF /* CircleImage.swift in Sources */,
				AD95173325A0FEC900658CDF /* Landmark.swift in Sources */,
				AD95174225A1020400658CDF /* LandmarkRow.swift in Sources */,
				AD95173625A0FF4800658CDF /* ModelData.swift in Sources */,
			);
			runOnlyForDeploymentPostprocessing = 0;
		};
/* End PBXSourcesBuildPhase section */

/* Begin XCBuildConfiguration section */
		AD95172325A0BC0A00658CDF /* Debug */ = {
			isa = XCBuildConfiguration;
			buildSettings = {
				ALWAYS_SEARCH_USER_PATHS = NO;
				CLANG_ANALYZER_NONNULL = YES;
				CLANG_ANALYZER_NUMBER_OBJECT_CONVERSION = YES_AGGRESSIVE;
				CLANG_CXX_LANGUAGE_STANDARD = "gnu++14";
				CLANG_CXX_LIBRARY = "libc++";
				CLANG_ENABLE_MODULES = YES;
				CLANG_ENABLE_OBJC_ARC = YES;
				CLANG_ENABLE_OBJC_WEAK = YES;
				CLANG_WARN_BLOCK_CAPTURE_AUTORELEASING = YES;
				CLANG_WARN_BOOL_CONVERSION = YES;
				CLANG_WARN_COMMA = YES;
				CLANG_WARN_CONSTANT_CONVERSION = YES;
				CLANG_WARN_DEPRECATED_OBJC_IMPLEMENTATIONS = YES;
				CLANG_WARN_DIRECT_OBJC_ISA_USAGE = YES_ERROR;
				CLANG_WARN_DOCUMENTATION_COMMENTS = YES;
				CLANG_WARN_EMPTY_BODY = YES;
				CLANG_WARN_ENUM_CONVERSION = YES;
				CLANG_WARN_INFINITE_RECURSION = YES;
				CLANG_WARN_INT_CONVERSION = YES;
				CLANG_WARN_NON_LITERAL_NULL_CONVERSION = YES;
				CLANG_WARN_OBJC_IMPLICIT_RETAIN_SELF = YES;
				CLANG_WARN_OBJC_LITERAL_CONVERSION = YES;
				CLANG_WARN_OBJC_ROOT_CLASS = YES_ERROR;
				CLANG_WARN_QUOTED_INCLUDE_IN_FRAMEWORK_HEADER = YES;
				CLANG_WARN_RANGE_LOOP_ANALYSIS = YES;
				CLANG_WARN_STRICT_PROTOTYPES = YES;
				CLANG_WARN_SUSPICIOUS_MOVE = YES;
				CLANG_WARN_UNGUARDED_AVAILABILITY = YES_AGGRESSIVE;
				CLANG_WARN_UNREACHABLE_CODE = YES;
				CLANG_WARN__DUPLICATE_METHOD_MATCH = YES;
				COPY_PHASE_STRIP = NO;
				DEBUG_INFORMATION_FORMAT = dwarf;
				ENABLE_STRICT_OBJC_MSGSEND = YES;
				ENABLE_TESTABILITY = YES;
				GCC_C_LANGUAGE_STANDARD = gnu11;
				GCC_DYNAMIC_NO_PIC = NO;
				GCC_NO_COMMON_BLOCKS = YES;
				GCC_OPTIMIZATION_LEVEL = 0;
				GCC_PREPROCESSOR_DEFINITIONS = (
					"DEBUG=1",
					"$(inherited)",
				);
				GCC_WARN_64_TO_32_BIT_CONVERSION = YES;
				GCC_WARN_ABOUT_RETURN_TYPE = YES_ERROR;
				GCC_WARN_UNDECLARED_SELECTOR = YES;
				GCC_WARN_UNINITIALIZED_AUTOS = YES_AGGRESSIVE;
				GCC_WARN_UNUSED_FUNCTION = YES;
				GCC_WARN_UNUSED_VARIABLE = YES;
				IPHONEOS_DEPLOYMENT_TARGET = 14.1;
				MTL_ENABLE_DEBUG_INFO = INCLUDE_SOURCE;
				MTL_FAST_MATH = YES;
				ONLY_ACTIVE_ARCH = YES;
				SDKROOT = iphoneos;
				SWIFT_ACTIVE_COMPILATION_CONDITIONS = DEBUG;
				SWIFT_OPTIMIZATION_LEVEL = "-Onone";
			};
			name = Debug;
		};
		AD95172425A0BC0A00658CDF /* Release */ = {
			isa = XCBuildConfiguration;
			buildSettings = {
				ALWAYS_SEARCH_USER_PATHS = NO;
				CLANG_ANALYZER_NONNULL = YES;
				CLANG_ANALYZER_NUMBER_OBJECT_CONVERSION = YES_AGGRESSIVE;
				CLANG_CXX_LANGUAGE_STANDARD = "gnu++14";
				CLANG_CXX_LIBRARY = "libc++";
				CLANG_ENABLE_MODULES = YES;
				CLANG_ENABLE_OBJC_ARC = YES;
				CLANG_ENABLE_OBJC_WEAK = YES;
				CLANG_WARN_BLOCK_CAPTURE_AUTORELEASING = YES;
				CLANG_WARN_BOOL_CONVERSION = YES;
				CLANG_WARN_COMMA = YES;
				CLANG_WARN_CONSTANT_CONVERSION = YES;
				CLANG_WARN_DEPRECATED_OBJC_IMPLEMENTATIONS = YES;
				CLANG_WARN_DIRECT_OBJC_ISA_USAGE = YES_ERROR;
				CLANG_WARN_DOCUMENTATION_COMMENTS = YES;
				CLANG_WARN_EMPTY_BODY = YES;
				CLANG_WARN_ENUM_CONVERSION = YES;
				CLANG_WARN_INFINITE_RECURSION = YES;
				CLANG_WARN_INT_CONVERSION = YES;
				CLANG_WARN_NON_LITERAL_NULL_CONVERSION = YES;
				CLANG_WARN_OBJC_IMPLICIT_RETAIN_SELF = YES;
				CLANG_WARN_OBJC_LITERAL_CONVERSION = YES;
				CLANG_WARN_OBJC_ROOT_CLASS = YES_ERROR;
				CLANG_WARN_QUOTED_INCLUDE_IN_FRAMEWORK_HEADER = YES;
				CLANG_WARN_RANGE_LOOP_ANALYSIS = YES;
				CLANG_WARN_STRICT_PROTOTYPES = YES;
				CLANG_WARN_SUSPICIOUS_MOVE = YES;
				CLANG_WARN_UNGUARDED_AVAILABILITY = YES_AGGRESSIVE;
				CLANG_WARN_UNREACHABLE_CODE = YES;
				CLANG_WARN__DUPLICATE_METHOD_MATCH = YES;
				COPY_PHASE_STRIP = NO;
				DEBUG_INFORMATION_FORMAT = "dwarf-with-dsym";
				ENABLE_NS_ASSERTIONS = NO;
				ENABLE_STRICT_OBJC_MSGSEND = YES;
				GCC_C_LANGUAGE_STANDARD = gnu11;
				GCC_NO_COMMON_BLOCKS = YES;
				GCC_WARN_64_TO_32_BIT_CONVERSION = YES;
				GCC_WARN_ABOUT_RETURN_TYPE = YES_ERROR;
				GCC_WARN_UNDECLARED_SELECTOR = YES;
				GCC_WARN_UNINITIALIZED_AUTOS = YES_AGGRESSIVE;
				GCC_WARN_UNUSED_FUNCTION = YES;
				GCC_WARN_UNUSED_VARIABLE = YES;
				IPHONEOS_DEPLOYMENT_TARGET = 14.1;
				MTL_ENABLE_DEBUG_INFO = NO;
				MTL_FAST_MATH = YES;
				SDKROOT = iphoneos;
				SWIFT_COMPILATION_MODE = wholemodule;
				SWIFT_OPTIMIZATION_LEVEL = "-O";
				VALIDATE_PRODUCT = YES;
			};
			name = Release;
		};
		AD95172625A0BC0A00658CDF /* Debug */ = {
			isa = XCBuildConfiguration;
			buildSettings = {
				ASSETCATALOG_COMPILER_APPICON_NAME = AppIcon;
				ASSETCATALOG_COMPILER_GLOBAL_ACCENT_COLOR_NAME = AccentColor;
				CODE_SIGN_STYLE = Automatic;
				DEVELOPMENT_ASSET_PATHS = "\"ABMTE/Preview Content\"";
				ENABLE_PREVIEWS = YES;
				INFOPLIST_FILE = ABMTE/Info.plist;
				IPHONEOS_DEPLOYMENT_TARGET = 14.0;
				LD_RUNPATH_SEARCH_PATHS = (
					"$(inherited)",
					"@executable_path/Frameworks",
				);
				PRODUCT_BUNDLE_IDENTIFIER = mg.ABMTE;
				PRODUCT_NAME = "$(TARGET_NAME)";
				SWIFT_VERSION = 5.0;
				TARGETED_DEVICE_FAMILY = "1,2";
			};
			name = Debug;
		};
		AD95172725A0BC0A00658CDF /* Release */ = {
			isa = XCBuildConfiguration;
			buildSettings = {
				ASSETCATALOG_COMPILER_APPICON_NAME = AppIcon;
				ASSETCATALOG_COMPILER_GLOBAL_ACCENT_COLOR_NAME = AccentColor;
				CODE_SIGN_STYLE = Automatic;
				DEVELOPMENT_ASSET_PATHS = "\"ABMTE/Preview Content\"";
				ENABLE_PREVIEWS = YES;
				INFOPLIST_FILE = ABMTE/Info.plist;
				IPHONEOS_DEPLOYMENT_TARGET = 14.0;
				LD_RUNPATH_SEARCH_PATHS = (
					"$(inherited)",
					"@executable_path/Frameworks",
				);
				PRODUCT_BUNDLE_IDENTIFIER = mg.ABMTE;
				PRODUCT_NAME = "$(TARGET_NAME)";
				SWIFT_VERSION = 5.0;
				TARGETED_DEVICE_FAMILY = "1,2";
			};
			name = Release;
		};
/* End XCBuildConfiguration section */

/* Begin XCConfigurationList section */
		AD95171125A0BC0300658CDF /* Build configuration list for PBXProject "ABMTE" */ = {
			isa = XCConfigurationList;
			buildConfigurations = (
				AD95172325A0BC0A00658CDF /* Debug */,
				AD95172425A0BC0A00658CDF /* Release */,
			);
			defaultConfigurationIsVisible = 0;
			defaultConfigurationName = Release;
		};
		AD95172525A0BC0A00658CDF /* Build configuration list for PBXNativeTarget "ABMTE" */ = {
			isa = XCConfigurationList;
			buildConfigurations = (
				AD95172625A0BC0A00658CDF /* Debug */,
				AD95172725A0BC0A00658CDF /* Release */,
			);
			defaultConfigurationIsVisible = 0;
			defaultConfigurationName = Release;
		};
/* End XCConfigurationList section */
	};
	rootObject = AD95170E25A0BC0300658CDF /* Project object */;
}
